PODS:
  - oc2mangoLib (1.2.3):
    - ORPatchFile (= 1.2.3)
  - ORPatchFile (1.2.3)

DEPENDENCIES:
  - oc2mangoLib (from `../`)

SPEC REPOS:
  trunk:
    - ORPatchFile

EXTERNAL SOURCES:
  oc2mangoLib:
    :path: "../"

SPEC CHECKSUMS:
  oc2mangoLib: d6fe3b516f314f748b98ac3c539fc128704fba38
  ORPatchFile: 46bf49eb4f3065b04ec938f119252f07ca7dd605

PODFILE CHECKSUM: bf93cda44c71de406b84ddd61ee445e05d453f02

COCOAPODS: 1.15.2
